
Microsoft Visual Studio Solution File, Format Version 12.00
# Visual Studio 15
Project("{FAE04EC0-301F-11D3-BF4B-00C04F79EFBC}") = "Assembly-CSharp", "Assembly-CSharp.csproj", "{C6AF8C1F-9D8A-FAB1-8976-4832E29E9031}"
EndProject
Project("{FAE04EC0-301F-11D3-BF4B-00C04F79EFBC}") = "Assembly-CSharp-Editor", "Assembly-CSharp-Editor.csproj", "{B652C09C-BE93-C3E6-3ED4-90EBB288ACCF}"
EndProject
Global
	GlobalSection(SolutionConfigurationPlatforms) = preSolution
		Debug|Any CPU = Debug|Any CPU
		Release|Any CPU = Release|Any CPU
	EndGlobalSection
	GlobalSection(ProjectConfigurationPlatforms) = postSolution
		{C6AF8C1F-9D8A-FAB1-8976-4832E29E9031}.Debug|Any CPU.ActiveCfg = Debug|Any CPU
		{C6AF8C1F-9D8A-FAB1-8976-4832E29E9031}.Debug|Any CPU.Build.0 = Debug|Any CPU
		{C6AF8C1F-9D8A-FAB1-8976-4832E29E9031}.Release|Any CPU.ActiveCfg = Release|Any CPU
		{C6AF8C1F-9D8A-FAB1-8976-4832E29E9031}.Release|Any CPU.Build.0 = Release|Any CPU
		{B652C09C-BE93-C3E6-3ED4-90EBB288ACCF}.Debug|Any CPU.ActiveCfg = Debug|Any CPU
		{B652C09C-BE93-C3E6-3ED4-90EBB288ACCF}.Debug|Any CPU.Build.0 = Debug|Any CPU
		{B652C09C-BE93-C3E6-3ED4-90EBB288ACCF}.Release|Any CPU.ActiveCfg = Release|Any CPU
		{B652C09C-BE93-C3E6-3ED4-90EBB288ACCF}.Release|Any CPU.Build.0 = Release|Any CPU
	EndGlobalSection
	GlobalSection(SolutionProperties) = preSolution
		HideSolutionNode = FALSE
	EndGlobalSection
EndGlobal
